
Microsoft Visual Studio Solution File, Format Version 12.00
# Visual Studio Version 16
VisualStudioVersion = 25.0.1700.0
MinimumVisualStudioVersion = 10.0.40219.1
Project("{FAE04EC0-301F-11D3-BF4B-00C04F79EFBC}") = "APIExchangeRates", "APIExchangeRates\APIExchangeRates.csproj", "{FB93C51D-95F3-4B27-8660-EC363024FD31}"
EndProject
Global
	GlobalSection(SolutionConfigurationPlatforms) = preSolution
		Debug|Any CPU = Debug|Any CPU
		Release|Any CPU = Release|Any CPU
	EndGlobalSection
	GlobalSection(ProjectConfigurationPlatforms) = postSolution
		{FB93C51D-95F3-4B27-8660-EC363024FD31}.Debug|Any CPU.ActiveCfg = Debug|Any CPU
		{FB93C51D-95F3-4B27-8660-EC363024FD31}.Debug|Any CPU.Build.0 = Debug|Any CPU
		{FB93C51D-95F3-4B27-8660-EC363024FD31}.Release|Any CPU.ActiveCfg = Release|Any CPU
		{FB93C51D-95F3-4B27-8660-EC363024FD31}.Release|Any CPU.Build.0 = Release|Any CPU
	EndGlobalSection
	GlobalSection(SolutionProperties) = preSolution
		HideSolutionNode = FALSE
	EndGlobalSection
	GlobalSection(ExtensibilityGlobals) = postSolution
		SolutionGuid = {AFB733E4-9A63-4204-AFAE-8AE1C082A38C}
	EndGlobalSection
EndGlobal
